
Microsoft Visual Studio Solution File, Format Version 12.00
# Visual Studio Version 16
VisualStudioVersion = 16.0.30204.135
MinimumVisualStudioVersion = 10.0.40219.1
Project("{FAE04EC0-301F-11D3-BF4B-00C04F79EFBC}") = "Ninjaficator2020", "Ninjaficator2020\Ninjaficator2020.csproj", "{62D94AD4-F79C-4FAF-936E-57B483BCC502}"
EndProject
Project("{FAE04EC0-301F-11D3-BF4B-00C04F79EFBC}") = "Ninjaficator2020Tests", "Ninjaficator2020Tests\Ninjaficator2020Tests.csproj", "{873E1600-5C85-495A-A35B-3EA8B90D90AB}"
EndProject
Global
	GlobalSection(SolutionConfigurationPlatforms) = preSolution
		Debug|Any CPU = Debug|Any CPU
		Release|Any CPU = Release|Any CPU
	EndGlobalSection
	GlobalSection(ProjectConfigurationPlatforms) = postSolution
		{62D94AD4-F79C-4FAF-936E-57B483BCC502}.Debug|Any CPU.ActiveCfg = Debug|Any CPU
		{62D94AD4-F79C-4FAF-936E-57B483BCC502}.Debug|Any CPU.Build.0 = Debug|Any CPU
		{62D94AD4-F79C-4FAF-936E-57B483BCC502}.Release|Any CPU.ActiveCfg = Release|Any CPU
		{62D94AD4-F79C-4FAF-936E-57B483BCC502}.Release|Any CPU.Build.0 = Release|Any CPU
		{873E1600-5C85-495A-A35B-3EA8B90D90AB}.Debug|Any CPU.ActiveCfg = Debug|Any CPU
		{873E1600-5C85-495A-A35B-3EA8B90D90AB}.Debug|Any CPU.Build.0 = Debug|Any CPU
		{873E1600-5C85-495A-A35B-3EA8B90D90AB}.Release|Any CPU.ActiveCfg = Release|Any CPU
		{873E1600-5C85-495A-A35B-3EA8B90D90AB}.Release|Any CPU.Build.0 = Release|Any CPU
	EndGlobalSection
	GlobalSection(SolutionProperties) = preSolution
		HideSolutionNode = FALSE
	EndGlobalSection
	GlobalSection(ExtensibilityGlobals) = postSolution
		SolutionGuid = {BDB91A3A-0274-452A-A4BB-95F53DD420AC}
	EndGlobalSection
EndGlobal
